// !$*UTF8*$!
{
	archiveVersion = 1;
	classes = {
	};
	objectVersion = 46;
	objects = {

/* Begin PBXBuildFile section */
		FDD227641B2DD0CF00770969 /* main.m in Sources */ = {isa = PBXBuildFile; fileRef = FDD227631B2DD0CF00770969 /* main.m */; };
		FDD227671B2DD0CF00770969 /* AppDelegate.m in Sources */ = {isa = PBXBuildFile; fileRef = FDD227661B2DD0CF00770969 /* AppDelegate.m */; };
		FDD2276A1B2DD0CF00770969 /* ViewController.m in Sources */ = {isa = PBXBuildFile; fileRef = FDD227691B2DD0CF00770969 /* ViewController.m */; };
		FDD2276D1B2DD0CF00770969 /* Main.storyboard in Resources */ = {isa = PBXBuildFile; fileRef = FDD2276B1B2DD0CF00770969 /* Main.storyboard */; };
		FDD2276F1B2DD0CF00770969 /* Images.xcassets in Resources */ = {isa = PBXBuildFile; fileRef = FDD2276E1B2DD0CF00770969 /* Images.xcassets */; };
		FDD227721B2DD0CF00770969 /* LaunchScreen.xib in Resources */ = {isa = PBXBuildFile; fileRef = FDD227701B2DD0CF00770969 /* LaunchScreen.xib */; };
		FDD2277E1B2DD0CF00770969 /* BLKImageProviderTests.m in Sources */ = {isa = PBXBuildFile; fileRef = FDD2277D1B2DD0CF00770969 /* BLKImageProviderTests.m */; };
		FDEDBD341B35895400D59186 /* BLKImporterFactoryImplentation.m in Sources */ = {isa = PBXBuildFile; fileRef = FDEDBD331B35895400D59186 /* BLKImporterFactoryImplentation.m */; };
		FDEDBD3A1B3589FF00D59186 /* BLKPhotoLibraryExporter.m in Sources */ = {isa = PBXBuildFile; fileRef = FDEDBD371B3589FF00D59186 /* BLKPhotoLibraryExporter.m */; };
		FDEDBD3B1B3589FF00D59186 /* BLKPhotoLibraryImporter.m in Sources */ = {isa = PBXBuildFile; fileRef = FDEDBD391B3589FF00D59186 /* BLKPhotoLibraryImporter.m */; };
		FDEDBD3F1B358A7F00D59186 /* BLKCameraImporter.m in Sources */ = {isa = PBXBuildFile; fileRef = FDEDBD3E1B358A7F00D59186 /* BLKCameraImporter.m */; };
/* End PBXBuildFile section */

/* Begin PBXContainerItemProxy section */
		FDD227781B2DD0CF00770969 /* PBXContainerItemProxy */ = {
			isa = PBXContainerItemProxy;
			containerPortal = FDD227561B2DD0CF00770969 /* Project object */;
			proxyType = 1;
			remoteGlobalIDString = FDD2275D1B2DD0CF00770969;
			remoteInfo = BLKImageProvider;
		};
/* End PBXContainerItemProxy section */

/* Begin PBXFileReference section */
		FD3979221B35709800FD15F1 /* BLKImageProvider.h */ = {isa = PBXFileReference; lastKnownFileType = sourcecode.c.h; path = BLKImageProvider.h; sourceTree = "<group>"; };
		FD3979231B3570B800FD15F1 /* BLKImageImporter.h */ = {isa = PBXFileReference; lastKnownFileType = sourcecode.c.h; path = BLKImageImporter.h; sourceTree = "<group>"; };
		FD3979241B3570C600FD15F1 /* BLKImageExporter.h */ = {isa = PBXFileReference; lastKnownFileType = sourcecode.c.h; path = BLKImageExporter.h; sourceTree = "<group>"; };
		FD3979251B35713600FD15F1 /* BLKHandlers.h */ = {isa = PBXFileReference; lastKnownFileType = sourcecode.c.h; path = BLKHandlers.h; sourceTree = "<group>"; };
		FDD2275E1B2DD0CF00770969 /* BLKImageProvider.app */ = {isa = PBXFileReference; explicitFileType = wrapper.application; includeInIndex = 0; path = BLKImageProvider.app; sourceTree = BUILT_PRODUCTS_DIR; };
		FDD227621B2DD0CF00770969 /* Info.plist */ = {isa = PBXFileReference; lastKnownFileType = text.plist.xml; path = Info.plist; sourceTree = "<group>"; };
		FDD227631B2DD0CF00770969 /* main.m */ = {isa = PBXFileReference; lastKnownFileType = sourcecode.c.objc; path = main.m; sourceTree = "<group>"; };
		FDD227651B2DD0CF00770969 /* AppDelegate.h */ = {isa = PBXFileReference; lastKnownFileType = sourcecode.c.h; path = AppDelegate.h; sourceTree = "<group>"; };
		FDD227661B2DD0CF00770969 /* AppDelegate.m */ = {isa = PBXFileReference; lastKnownFileType = sourcecode.c.objc; path = AppDelegate.m; sourceTree = "<group>"; };
		FDD227681B2DD0CF00770969 /* ViewController.h */ = {isa = PBXFileReference; lastKnownFileType = sourcecode.c.h; path = ViewController.h; sourceTree = "<group>"; };
		FDD227691B2DD0CF00770969 /* ViewController.m */ = {isa = PBXFileReference; lastKnownFileType = sourcecode.c.objc; path = ViewController.m; sourceTree = "<group>"; };
		FDD2276C1B2DD0CF00770969 /* Base */ = {isa = PBXFileReference; lastKnownFileType = file.storyboard; name = Base; path = Base.lproj/Main.storyboard; sourceTree = "<group>"; };
		FDD2276E1B2DD0CF00770969 /* Images.xcassets */ = {isa = PBXFileReference; lastKnownFileType = folder.assetcatalog; path = Images.xcassets; sourceTree = "<group>"; };
		FDD227711B2DD0CF00770969 /* Base */ = {isa = PBXFileReference; lastKnownFileType = file.xib; name = Base; path = Base.lproj/LaunchScreen.xib; sourceTree = "<group>"; };
		FDD227771B2DD0CF00770969 /* BLKImageProviderTests.xctest */ = {isa = PBXFileReference; explicitFileType = wrapper.cfbundle; includeInIndex = 0; path = BLKImageProviderTests.xctest; sourceTree = BUILT_PRODUCTS_DIR; };
		FDD2277C1B2DD0CF00770969 /* Info.plist */ = {isa = PBXFileReference; lastKnownFileType = text.plist.xml; path = Info.plist; sourceTree = "<group>"; };
		FDD2277D1B2DD0CF00770969 /* BLKImageProviderTests.m */ = {isa = PBXFileReference; lastKnownFileType = sourcecode.c.objc; path = BLKImageProviderTests.m; sourceTree = "<group>"; };
		FDEDBD311B35834800D59186 /* BLKImportersFactory.h */ = {isa = PBXFileReference; lastKnownFileType = sourcecode.c.h; path = BLKImportersFactory.h; sourceTree = "<group>"; };
		FDEDBD321B35895400D59186 /* BLKImporterFactoryImplentation.h */ = {isa = PBXFileReference; fileEncoding = 4; lastKnownFileType = sourcecode.c.h; path = BLKImporterFactoryImplentation.h; sourceTree = "<group>"; };
		FDEDBD331B35895400D59186 /* BLKImporterFactoryImplentation.m */ = {isa = PBXFileReference; fileEncoding = 4; lastKnownFileType = sourcecode.c.objc; path = BLKImporterFactoryImplentation.m; sourceTree = "<group>"; };
		FDEDBD361B3589FF00D59186 /* BLKPhotoLibraryExporter.h */ = {isa = PBXFileReference; fileEncoding = 4; lastKnownFileType = sourcecode.c.h; path = BLKPhotoLibraryExporter.h; sourceTree = "<group>"; };
		FDEDBD371B3589FF00D59186 /* BLKPhotoLibraryExporter.m */ = {isa = PBXFileReference; fileEncoding = 4; lastKnownFileType = sourcecode.c.objc; path = BLKPhotoLibraryExporter.m; sourceTree = "<group>"; };
		FDEDBD381B3589FF00D59186 /* BLKPhotoLibraryImporter.h */ = {isa = PBXFileReference; fileEncoding = 4; lastKnownFileType = sourcecode.c.h; path = BLKPhotoLibraryImporter.h; sourceTree = "<group>"; };
		FDEDBD391B3589FF00D59186 /* BLKPhotoLibraryImporter.m */ = {isa = PBXFileReference; fileEncoding = 4; lastKnownFileType = sourcecode.c.objc; path = BLKPhotoLibraryImporter.m; sourceTree = "<group>"; };
		FDEDBD3D1B358A7F00D59186 /* BLKCameraImporter.h */ = {isa = PBXFileReference; fileEncoding = 4; lastKnownFileType = sourcecode.c.h; path = BLKCameraImporter.h; sourceTree = "<group>"; };
		FDEDBD3E1B358A7F00D59186 /* BLKCameraImporter.m */ = {isa = PBXFileReference; fileEncoding = 4; lastKnownFileType = sourcecode.c.objc; path = BLKCameraImporter.m; sourceTree = "<group>"; };
/* End PBXFileReference section */

/* Begin PBXFrameworksBuildPhase section */
		FDD2275B1B2DD0CF00770969 /* Frameworks */ = {
			isa = PBXFrameworksBuildPhase;
			buildActionMask = 2147483647;
			files = (
			);
			runOnlyForDeploymentPostprocessing = 0;
		};
		FDD227741B2DD0CF00770969 /* Frameworks */ = {
			isa = PBXFrameworksBuildPhase;
			buildActionMask = 2147483647;
			files = (
			);
			runOnlyForDeploymentPostprocessing = 0;
		};
/* End PBXFrameworksBuildPhase section */

/* Begin PBXGroup section */
		FD3979211B356E2F00FD15F1 /* Classes */ = {
			isa = PBXGroup;
			children = (
				FD3979261B3575A400FD15F1 /* implementations */,
				FD3979221B35709800FD15F1 /* BLKImageProvider.h */,
				FD3979231B3570B800FD15F1 /* BLKImageImporter.h */,
				FD3979241B3570C600FD15F1 /* BLKImageExporter.h */,
				FD3979251B35713600FD15F1 /* BLKHandlers.h */,
				FDEDBD311B35834800D59186 /* BLKImportersFactory.h */,
			);
			path = Classes;
			sourceTree = "<group>";
		};
		FD3979261B3575A400FD15F1 /* implementations */ = {
			isa = PBXGroup;
			children = (
				FDEDBD3C1B358A6000D59186 /* camera */,
				FDEDBD351B3589FF00D59186 /* photoLib */,
				FDEDBD321B35895400D59186 /* BLKImporterFactoryImplentation.h */,
				FDEDBD331B35895400D59186 /* BLKImporterFactoryImplentation.m */,
			);
			path = implementations;
			sourceTree = "<group>";
		};
		FDD227551B2DD0CF00770969 = {
			isa = PBXGroup;
			children = (
				FDD227601B2DD0CF00770969 /* BLKImageProvider */,
				FDD2277A1B2DD0CF00770969 /* BLKImageProviderTests */,
				FDD2275F1B2DD0CF00770969 /* Products */,
			);
			sourceTree = "<group>";
		};
		FDD2275F1B2DD0CF00770969 /* Products */ = {
			isa = PBXGroup;
			children = (
				FDD2275E1B2DD0CF00770969 /* BLKImageProvider.app */,
				FDD227771B2DD0CF00770969 /* BLKImageProviderTests.xctest */,
			);
			name = Products;
			sourceTree = "<group>";
		};
		FDD227601B2DD0CF00770969 /* BLKImageProvider */ = {
			isa = PBXGroup;
			children = (
				FD3979211B356E2F00FD15F1 /* Classes */,
				FDD227651B2DD0CF00770969 /* AppDelegate.h */,
				FDD227661B2DD0CF00770969 /* AppDelegate.m */,
				FDD227681B2DD0CF00770969 /* ViewController.h */,
				FDD227691B2DD0CF00770969 /* ViewController.m */,
				FDD2276B1B2DD0CF00770969 /* Main.storyboard */,
				FDD2276E1B2DD0CF00770969 /* Images.xcassets */,
				FDD227701B2DD0CF00770969 /* LaunchScreen.xib */,
				FDD227611B2DD0CF00770969 /* Supporting Files */,
			);
			path = BLKImageProvider;
			sourceTree = "<group>";
		};
		FDD227611B2DD0CF00770969 /* Supporting Files */ = {
			isa = PBXGroup;
			children = (
				FDD227621B2DD0CF00770969 /* Info.plist */,
				FDD227631B2DD0CF00770969 /* main.m */,
			);
			name = "Supporting Files";
			sourceTree = "<group>";
		};
		FDD2277A1B2DD0CF00770969 /* BLKImageProviderTests */ = {
			isa = PBXGroup;
			children = (
				FDD2277D1B2DD0CF00770969 /* BLKImageProviderTests.m */,
				FDD2277B1B2DD0CF00770969 /* Supporting Files */,
			);
			path = BLKImageProviderTests;
			sourceTree = "<group>";
		};
		FDD2277B1B2DD0CF00770969 /* Supporting Files */ = {
			isa = PBXGroup;
			children = (
				FDD2277C1B2DD0CF00770969 /* Info.plist */,
			);
			name = "Supporting Files";
			sourceTree = "<group>";
		};
		FDEDBD351B3589FF00D59186 /* photoLib */ = {
			isa = PBXGroup;
			children = (
				FDEDBD361B3589FF00D59186 /* BLKPhotoLibraryExporter.h */,
				FDEDBD371B3589FF00D59186 /* BLKPhotoLibraryExporter.m */,
				FDEDBD381B3589FF00D59186 /* BLKPhotoLibraryImporter.h */,
				FDEDBD391B3589FF00D59186 /* BLKPhotoLibraryImporter.m */,
			);
			path = photoLib;
			sourceTree = "<group>";
		};
		FDEDBD3C1B358A6000D59186 /* camera */ = {
			isa = PBXGroup;
			children = (
				FDEDBD3D1B358A7F00D59186 /* BLKCameraImporter.h */,
				FDEDBD3E1B358A7F00D59186 /* BLKCameraImporter.m */,
			);
			path = camera;
			sourceTree = "<group>";
		};
/* End PBXGroup section */

/* Begin PBXNativeTarget section */
		FDD2275D1B2DD0CF00770969 /* BLKImageProvider */ = {
			isa = PBXNativeTarget;
			buildConfigurationList = FDD227811B2DD0CF00770969 /* Build configuration list for PBXNativeTarget "BLKImageProvider" */;
			buildPhases = (
				FDD2275A1B2DD0CF00770969 /* Sources */,
				FDD2275B1B2DD0CF00770969 /* Frameworks */,
				FDD2275C1B2DD0CF00770969 /* Resources */,
			);
			buildRules = (
			);
			dependencies = (
			);
			name = BLKImageProvider;
			productName = BLKImageProvider;
			productReference = FDD2275E1B2DD0CF00770969 /* BLKImageProvider.app */;
			productType = "com.apple.product-type.application";
		};
		FDD227761B2DD0CF00770969 /* BLKImageProviderTests */ = {
			isa = PBXNativeTarget;
			buildConfigurationList = FDD227841B2DD0CF00770969 /* Build configuration list for PBXNativeTarget "BLKImageProviderTests" */;
			buildPhases = (
				FDD227731B2DD0CF00770969 /* Sources */,
				FDD227741B2DD0CF00770969 /* Frameworks */,
				FDD227751B2DD0CF00770969 /* Resources */,
			);
			buildRules = (
			);
			dependencies = (
				FDD227791B2DD0CF00770969 /* PBXTargetDependency */,
			);
			name = BLKImageProviderTests;
			productName = BLKImageProviderTests;
			productReference = FDD227771B2DD0CF00770969 /* BLKImageProviderTests.xctest */;
			productType = "com.apple.product-type.bundle.unit-test";
		};
/* End PBXNativeTarget section */

/* Begin PBXProject section */
		FDD227561B2DD0CF00770969 /* Project object */ = {
			isa = PBXProject;
			attributes = {
				LastUpgradeCheck = 0620;
				ORGANIZATIONNAME = black9;
				TargetAttributes = {
					FDD2275D1B2DD0CF00770969 = {
						CreatedOnToolsVersion = 6.2;
					};
					FDD227761B2DD0CF00770969 = {
						CreatedOnToolsVersion = 6.2;
						TestTargetID = FDD2275D1B2DD0CF00770969;
					};
				};
			};
			buildConfigurationList = FDD227591B2DD0CF00770969 /* Build configuration list for PBXProject "BLKImageProvider" */;
			compatibilityVersion = "Xcode 3.2";
			developmentRegion = English;
			hasScannedForEncodings = 0;
			knownRegions = (
				en,
				Base,
			);
			mainGroup = FDD227551B2DD0CF00770969;
			productRefGroup = FDD2275F1B2DD0CF00770969 /* Products */;
			projectDirPath = "";
			projectRoot = "";
			targets = (
				FDD2275D1B2DD0CF00770969 /* BLKImageProvider */,
				FDD227761B2DD0CF00770969 /* BLKImageProviderTests */,
			);
		};
/* End PBXProject section */

/* Begin PBXResourcesBuildPhase section */
		FDD2275C1B2DD0CF00770969 /* Resources */ = {
			isa = PBXResourcesBuildPhase;
			buildActionMask = 2147483647;
			files = (
				FDD2276D1B2DD0CF00770969 /* Main.storyboard in Resources */,
				FDD227721B2DD0CF00770969 /* LaunchScreen.xib in Resources */,
				FDD2276F1B2DD0CF00770969 /* Images.xcassets in Resources */,
			);
			runOnlyForDeploymentPostprocessing = 0;
		};
		FDD227751B2DD0CF00770969 /* Resources */ = {
			isa = PBXResourcesBuildPhase;
			buildActionMask = 2147483647;
			files = (
			);
			runOnlyForDeploymentPostprocessing = 0;
		};
/* End PBXResourcesBuildPhase section */

/* Begin PBXSourcesBuildPhase section */
		FDD2275A1B2DD0CF00770969 /* Sources */ = {
			isa = PBXSourcesBuildPhase;
			buildActionMask = 2147483647;
			files = (
				FDEDBD3B1B3589FF00D59186 /* BLKPhotoLibraryImporter.m in Sources */,
				FDD2276A1B2DD0CF00770969 /* ViewController.m in Sources */,
				FDD227671B2DD0CF00770969 /* AppDelegate.m in Sources */,
				FDD227641B2DD0CF00770969 /* main.m in Sources */,
				FDEDBD3F1B358A7F00D59186 /* BLKCameraImporter.m in Sources */,
				FDEDBD341B35895400D59186 /* BLKImporterFactoryImplentation.m in Sources */,
				FDEDBD3A1B3589FF00D59186 /* BLKPhotoLibraryExporter.m in Sources */,
			);
			runOnlyForDeploymentPostprocessing = 0;
		};
		FDD227731B2DD0CF00770969 /* Sources */ = {
			isa = PBXSourcesBuildPhase;
			buildActionMask = 2147483647;
			files = (
				FDD2277E1B2DD0CF00770969 /* BLKImageProviderTests.m in Sources */,
			);
			runOnlyForDeploymentPostprocessing = 0;
		};
/* End PBXSourcesBuildPhase section */

/* Begin PBXTargetDependency section */
		FDD227791B2DD0CF00770969 /* PBXTargetDependency */ = {
			isa = PBXTargetDependency;
			target = FDD2275D1B2DD0CF00770969 /* BLKImageProvider */;
			targetProxy = FDD227781B2DD0CF00770969 /* PBXContainerItemProxy */;
		};
/* End PBXTargetDependency section */

/* Begin PBXVariantGroup section */
		FDD2276B1B2DD0CF00770969 /* Main.storyboard */ = {
			isa = PBXVariantGroup;
			children = (
				FDD2276C1B2DD0CF00770969 /* Base */,
			);
			name = Main.storyboard;
			sourceTree = "<group>";
		};
		FDD227701B2DD0CF00770969 /* LaunchScreen.xib */ = {
			isa = PBXVariantGroup;
			children = (
				FDD227711B2DD0CF00770969 /* Base */,
			);
			name = LaunchScreen.xib;
			sourceTree = "<group>";
		};
/* End PBXVariantGroup section */

/* Begin XCBuildConfiguration section */
		FDD2277F1B2DD0CF00770969 /* Debug */ = {
			isa = XCBuildConfiguration;
			buildSettings = {
				ALWAYS_SEARCH_USER_PATHS = NO;
				CLANG_CXX_LANGUAGE_STANDARD = "gnu++0x";
				CLANG_CXX_LIBRARY = "libc++";
				CLANG_ENABLE_MODULES = YES;
				CLANG_ENABLE_OBJC_ARC = YES;
				CLANG_WARN_BOOL_CONVERSION = YES;
				CLANG_WARN_CONSTANT_CONVERSION = YES;
				CLANG_WARN_DIRECT_OBJC_ISA_USAGE = YES_ERROR;
				CLANG_WARN_EMPTY_BODY = YES;
				CLANG_WARN_ENUM_CONVERSION = YES;
				CLANG_WARN_INT_CONVERSION = YES;
				CLANG_WARN_OBJC_ROOT_CLASS = YES_ERROR;
				CLANG_WARN_UNREACHABLE_CODE = YES;
				CLANG_WARN__DUPLICATE_METHOD_MATCH = YES;
				"CODE_SIGN_IDENTITY[sdk=iphoneos*]" = "iPhone Developer";
				COPY_PHASE_STRIP = NO;
				ENABLE_STRICT_OBJC_MSGSEND = YES;
				GCC_C_LANGUAGE_STANDARD = gnu99;
				GCC_DYNAMIC_NO_PIC = NO;
				GCC_OPTIMIZATION_LEVEL = 0;
				GCC_PREPROCESSOR_DEFINITIONS = (
					"DEBUG=1",
					"$(inherited)",
				);
				GCC_SYMBOLS_PRIVATE_EXTERN = NO;
				GCC_WARN_64_TO_32_BIT_CONVERSION = YES;
				GCC_WARN_ABOUT_RETURN_TYPE = YES_ERROR;
				GCC_WARN_UNDECLARED_SELECTOR = YES;
				GCC_WARN_UNINITIALIZED_AUTOS = YES_AGGRESSIVE;
				GCC_WARN_UNUSED_FUNCTION = YES;
				GCC_WARN_UNUSED_VARIABLE = YES;
				IPHONEOS_DEPLOYMENT_TARGET = 8.2;
				MTL_ENABLE_DEBUG_INFO = YES;
				ONLY_ACTIVE_ARCH = YES;
				SDKROOT = iphoneos;
			};
			name = Debug;
		};
		FDD227801B2DD0CF00770969 /* Release */ = {
			isa = XCBuildConfiguration;
			buildSettings = {
				ALWAYS_SEARCH_USER_PATHS = NO;
				CLANG_CXX_LANGUAGE_STANDARD = "gnu++0x";
				CLANG_CXX_LIBRARY = "libc++";
				CLANG_ENABLE_MODULES = YES;
				CLANG_ENABLE_OBJC_ARC = YES;
				CLANG_WARN_BOOL_CONVERSION = YES;
				CLANG_WARN_CONSTANT_CONVERSION = YES;
				CLANG_WARN_DIRECT_OBJC_ISA_USAGE = YES_ERROR;
				CLANG_WARN_EMPTY_BODY = YES;
				CLANG_WARN_ENUM_CONVERSION = YES;
				CLANG_WARN_INT_CONVERSION = YES;
				CLANG_WARN_OBJC_ROOT_CLASS = YES_ERROR;
				CLANG_WARN_UNREACHABLE_CODE = YES;
				CLANG_WARN__DUPLICATE_METHOD_MATCH = YES;
				"CODE_SIGN_IDENTITY[sdk=iphoneos*]" = "iPhone Developer";
				COPY_PHASE_STRIP = NO;
				ENABLE_NS_ASSERTIONS = NO;
				ENABLE_STRICT_OBJC_MSGSEND = YES;
				GCC_C_LANGUAGE_STANDARD = gnu99;
				GCC_WARN_64_TO_32_BIT_CONVERSION = YES;
				GCC_WARN_ABOUT_RETURN_TYPE = YES_ERROR;
				GCC_WARN_UNDECLARED_SELECTOR = YES;
				GCC_WARN_UNINITIALIZED_AUTOS = YES_AGGRESSIVE;
				GCC_WARN_UNUSED_FUNCTION = YES;
				GCC_WARN_UNUSED_VARIABLE = YES;
				IPHONEOS_DEPLOYMENT_TARGET = 8.2;
				MTL_ENABLE_DEBUG_INFO = NO;
				SDKROOT = iphoneos;
				VALIDATE_PRODUCT = YES;
			};
			name = Release;
		};
		FDD227821B2DD0CF00770969 /* Debug */ = {
			isa = XCBuildConfiguration;
			buildSettings = {
				ASSETCATALOG_COMPILER_APPICON_NAME = AppIcon;
				INFOPLIST_FILE = BLKImageProvider/Info.plist;
				IPHONEOS_DEPLOYMENT_TARGET = 8.0;
				LD_RUNPATH_SEARCH_PATHS = "$(inherited) @executable_path/Frameworks";
				PRODUCT_NAME = "$(TARGET_NAME)";
			};
			name = Debug;
		};
		FDD227831B2DD0CF00770969 /* Release */ = {
			isa = XCBuildConfiguration;
			buildSettings = {
				ASSETCATALOG_COMPILER_APPICON_NAME = AppIcon;
				INFOPLIST_FILE = BLKImageProvider/Info.plist;
				IPHONEOS_DEPLOYMENT_TARGET = 8.0;
				LD_RUNPATH_SEARCH_PATHS = "$(inherited) @executable_path/Frameworks";
				PRODUCT_NAME = "$(TARGET_NAME)";
			};
			name = Release;
		};
		FDD227851B2DD0CF00770969 /* Debug */ = {
			isa = XCBuildConfiguration;
			buildSettings = {
				BUNDLE_LOADER = "$(TEST_HOST)";
				FRAMEWORK_SEARCH_PATHS = (
					"$(SDKROOT)/Developer/Library/Frameworks",
					"$(inherited)",
				);
				GCC_PREPROCESSOR_DEFINITIONS = (
					"DEBUG=1",
					"$(inherited)",
				);
				INFOPLIST_FILE = BLKImageProviderTests/Info.plist;
				LD_RUNPATH_SEARCH_PATHS = "$(inherited) @executable_path/Frameworks @loader_path/Frameworks";
				PRODUCT_NAME = "$(TARGET_NAME)";
				TEST_HOST = "$(BUILT_PRODUCTS_DIR)/BLKImageProvider.app/BLKImageProvider";
			};
			name = Debug;
		};
		FDD227861B2DD0CF00770969 /* Release */ = {
			isa = XCBuildConfiguration;
			buildSettings = {
				BUNDLE_LOADER = "$(TEST_HOST)";
				FRAMEWORK_SEARCH_PATHS = (
					"$(SDKROOT)/Developer/Library/Frameworks",
					"$(inherited)",
				);
				INFOPLIST_FILE = BLKImageProviderTests/Info.plist;
				LD_RUNPATH_SEARCH_PATHS = "$(inherited) @executable_path/Frameworks @loader_path/Frameworks";
				PRODUCT_NAME = "$(TARGET_NAME)";
				TEST_HOST = "$(BUILT_PRODUCTS_DIR)/BLKImageProvider.app/BLKImageProvider";
			};
			name = Release;
		};
/* End XCBuildConfiguration section */

/* Begin XCConfigurationList section */
		FDD227591B2DD0CF00770969 /* Build configuration list for PBXProject "BLKImageProvider" */ = {
			isa = XCConfigurationList;
			buildConfigurations = (
				FDD2277F1B2DD0CF00770969 /* Debug */,
				FDD227801B2DD0CF00770969 /* Release */,
			);
			defaultConfigurationIsVisible = 0;
			defaultConfigurationName = Release;
		};
		FDD227811B2DD0CF00770969 /* Build configuration list for PBXNativeTarget "BLKImageProvider" */ = {
			isa = XCConfigurationList;
			buildConfigurations = (
				FDD227821B2DD0CF00770969 /* Debug */,
				FDD227831B2DD0CF00770969 /* Release */,
			);
			defaultConfigurationIsVisible = 0;
			defaultConfigurationName = Release;
		};
		FDD227841B2DD0CF00770969 /* Build configuration list for PBXNativeTarget "BLKImageProviderTests" */ = {
			isa = XCConfigurationList;
			buildConfigurations = (
				FDD227851B2DD0CF00770969 /* Debug */,
				FDD227861B2DD0CF00770969 /* Release */,
			);
			defaultConfigurationIsVisible = 0;
			defaultConfigurationName = Release;
		};
/* End XCConfigurationList section */
	};
	rootObject = FDD227561B2DD0CF00770969 /* Project object */;
}
